
Microsoft Visual Studio Solution File, Format Version 12.00
# Visual Studio Version 17
VisualStudioVersion = 17.13.35617.110 d17.13
MinimumVisualStudioVersion = 10.0.40219.1
Project("{FAE04EC0-301F-11D3-BF4B-00C04F79EFBC}") = "SplitTheBillApp", "SplitTheBillApp\SplitTheBillApp.csproj", "{FB6E9E8F-72CB-4CF3-BFEC-4C6AF77A94A9}"
EndProject
Global
	GlobalSection(SolutionConfigurationPlatforms) = preSolution
		Debug|Any CPU = Debug|Any CPU
		Release|Any CPU = Release|Any CPU
	EndGlobalSection
	GlobalSection(ProjectConfigurationPlatforms) = postSolution
		{FB6E9E8F-72CB-4CF3-BFEC-4C6AF77A94A9}.Debug|Any CPU.ActiveCfg = Debug|Any CPU
		{FB6E9E8F-72CB-4CF3-BFEC-4C6AF77A94A9}.Debug|Any CPU.Build.0 = Debug|Any CPU
		{FB6E9E8F-72CB-4CF3-BFEC-4C6AF77A94A9}.Debug|Any CPU.Deploy.0 = Debug|Any CPU
		{FB6E9E8F-72CB-4CF3-BFEC-4C6AF77A94A9}.Release|Any CPU.ActiveCfg = Release|Any CPU
		{FB6E9E8F-72CB-4CF3-BFEC-4C6AF77A94A9}.Release|Any CPU.Build.0 = Release|Any CPU
		{FB6E9E8F-72CB-4CF3-BFEC-4C6AF77A94A9}.Release|Any CPU.Deploy.0 = Release|Any CPU
	EndGlobalSection
	GlobalSection(SolutionProperties) = preSolution
		HideSolutionNode = FALSE
	EndGlobalSection
	GlobalSection(ExtensibilityGlobals) = postSolution
		SolutionGuid = {E781081C-1CFE-40A7-9A0A-120DA8FD9EA9}
	EndGlobalSection
EndGlobal
